PODS:
  - Masonry (1.1.0)
  - Shield (0.1.0):
    - Masonry

DEPENDENCIES:
  - Shield (from `../`)

SPEC REPOS:
  trunk:
    - Masonry

EXTERNAL SOURCES:
  Shield:
    :path: "../"

SPEC CHECKSUMS:
  Masonry: 678fab65091a9290e40e2832a55e7ab731aad201
  Shield: c0d72840fa5485612246db6c63efcfc3c1a906c9

PODFILE CHECKSUM: 948334ae6bd000a061862e8c7a9e57dfde152a32

COCOAPODS: 1.11.3
